
Microsoft Visual Studio Solution File, Format Version 12.00
# Visual Studio 15
VisualStudioVersion = 15.0.27130.2027
MinimumVisualStudioVersion = 10.0.40219.1
Project("{FAE04EC0-301F-11D3-BF4B-00C04F79EFBC}") = "EmailClient", "EmailReceiving\EmailClient.csproj", "{81D925B5-83D7-45DC-B4D3-ABA215E3118A}"
EndProject
Global
	GlobalSection(SolutionConfigurationPlatforms) = preSolution
		Debug|Any CPU = Debug|Any CPU
		Release|Any CPU = Release|Any CPU
	EndGlobalSection
	GlobalSection(ProjectConfigurationPlatforms) = postSolution
		{81D925B5-83D7-45DC-B4D3-ABA215E3118A}.Debug|Any CPU.ActiveCfg = Debug|Any CPU
		{81D925B5-83D7-45DC-B4D3-ABA215E3118A}.Debug|Any CPU.Build.0 = Debug|Any CPU
		{81D925B5-83D7-45DC-B4D3-ABA215E3118A}.Release|Any CPU.ActiveCfg = Release|Any CPU
		{81D925B5-83D7-45DC-B4D3-ABA215E3118A}.Release|Any CPU.Build.0 = Release|Any CPU
	EndGlobalSection
	GlobalSection(SolutionProperties) = preSolution
		HideSolutionNode = FALSE
	EndGlobalSection
	GlobalSection(ExtensibilityGlobals) = postSolution
		SolutionGuid = {4B4A86AF-913A-4EBA-A8CD-A297122E2DB8}
	EndGlobalSection
EndGlobal
